
Microsoft Visual Studio Solution File, Format Version 12.00
# Visual Studio Version 16
VisualStudioVersion = 16.0.30804.86
MinimumVisualStudioVersion = 10.0.40219.1
Project("{FAE04EC0-301F-11D3-BF4B-00C04F79EFBC}") = "FlyTickets", "FlyTickets\FlyTickets.csproj", "{0C6DADF1-27EE-44DB-BA42-6BF86F528F15}"
EndProject
Global
	GlobalSection(SolutionConfigurationPlatforms) = preSolution
		Debug|Any CPU = Debug|Any CPU
		Release|Any CPU = Release|Any CPU
	EndGlobalSection
	GlobalSection(ProjectConfigurationPlatforms) = postSolution
		{0C6DADF1-27EE-44DB-BA42-6BF86F528F15}.Debug|Any CPU.ActiveCfg = Debug|Any CPU
		{0C6DADF1-27EE-44DB-BA42-6BF86F528F15}.Debug|Any CPU.Build.0 = Debug|Any CPU
		{0C6DADF1-27EE-44DB-BA42-6BF86F528F15}.Release|Any CPU.ActiveCfg = Release|Any CPU
		{0C6DADF1-27EE-44DB-BA42-6BF86F528F15}.Release|Any CPU.Build.0 = Release|Any CPU
	EndGlobalSection
	GlobalSection(SolutionProperties) = preSolution
		HideSolutionNode = FALSE
	EndGlobalSection
	GlobalSection(ExtensibilityGlobals) = postSolution
		SolutionGuid = {3B853F16-FC9A-48E6-9ABA-F510DFFC6459}
	EndGlobalSection
EndGlobal
